
Microsoft Visual Studio Solution File, Format Version 12.00
# Visual Studio Version 17
VisualStudioVersion = 17.10.35027.167
MinimumVisualStudioVersion = 10.0.40219.1
Project("{9A19103F-16F7-4668-BE54-9A1E7A4F7556}") = "TorBoxNET", "TorBoxNET\TorBoxNET.csproj", "{47C8FE38-D9E0-4022-BCA1-96BF8E33D9A5}"
EndProject
Project("{9A19103F-16F7-4668-BE54-9A1E7A4F7556}") = "TorBoxNET.Test", "TorBoxNET.Test\TorBoxNET.Test.csproj", "{EDBB7B24-D044-4CE7-9D99-1244161565DB}"
EndProject
Global
	GlobalSection(SolutionConfigurationPlatforms) = preSolution
		Debug|Any CPU = Debug|Any CPU
		Release|Any CPU = Release|Any CPU
	EndGlobalSection
	GlobalSection(ProjectConfigurationPlatforms) = postSolution
		{47C8FE38-D9E0-4022-BCA1-96BF8E33D9A5}.Debug|Any CPU.ActiveCfg = Release|Any CPU
		{47C8FE38-D9E0-4022-BCA1-96BF8E33D9A5}.Debug|Any CPU.Build.0 = Release|Any CPU
		{47C8FE38-D9E0-4022-BCA1-96BF8E33D9A5}.Release|Any CPU.ActiveCfg = Release|Any CPU
		{47C8FE38-D9E0-4022-BCA1-96BF8E33D9A5}.Release|Any CPU.Build.0 = Release|Any CPU
		{EDBB7B24-D044-4CE7-9D99-1244161565DB}.Debug|Any CPU.ActiveCfg = Debug|Any CPU
		{EDBB7B24-D044-4CE7-9D99-1244161565DB}.Debug|Any CPU.Build.0 = Debug|Any CPU
		{EDBB7B24-D044-4CE7-9D99-1244161565DB}.Release|Any CPU.ActiveCfg = Release|Any CPU
		{EDBB7B24-D044-4CE7-9D99-1244161565DB}.Release|Any CPU.Build.0 = Release|Any CPU
	EndGlobalSection
	GlobalSection(SolutionProperties) = preSolution
		HideSolutionNode = FALSE
	EndGlobalSection
	GlobalSection(ExtensibilityGlobals) = postSolution
		SolutionGuid = {13497924-8D4F-452D-8519-9D68B8C82717}
	EndGlobalSection
EndGlobal
